// !$*UTF8*$!
{
	archiveVersion = 1;
	classes = {
	};
	objectVersion = 46;
	objects = {

/* Begin PBXBuildFile section */
		2FC3326C19953816008729C4 /* Foundation.framework in Frameworks */ = {isa = PBXBuildFile; fileRef = 2FC3326B19953816008729C4 /* Foundation.framework */; };
		2FC3326E19953816008729C4 /* CoreGraphics.framework in Frameworks */ = {isa = PBXBuildFile; fileRef = 2FC3326D19953816008729C4 /* CoreGraphics.framework */; };
		2FC3327019953816008729C4 /* UIKit.framework in Frameworks */ = {isa = PBXBuildFile; fileRef = 2FC3326F19953816008729C4 /* UIKit.framework */; };
		2FC3327619953816008729C4 /* InfoPlist.strings in Resources */ = {isa = PBXBuildFile; fileRef = 2FC3327419953816008729C4 /* InfoPlist.strings */; };
		2FC3327819953816008729C4 /* main.m in Sources */ = {isa = PBXBuildFile; fileRef = 2FC3327719953816008729C4 /* main.m */; };
		2FC3327C19953816008729C4 /* AppDelegate.m in Sources */ = {isa = PBXBuildFile; fileRef = 2FC3327B19953816008729C4 /* AppDelegate.m */; };
		2FC3327F19953816008729C4 /* Main.storyboard in Resources */ = {isa = PBXBuildFile; fileRef = 2FC3327D19953816008729C4 /* Main.storyboard */; };
		2FC3328219953816008729C4 /* ViewController.m in Sources */ = {isa = PBXBuildFile; fileRef = 2FC3328119953816008729C4 /* ViewController.m */; };
		2FC3328419953816008729C4 /* Images.xcassets in Resources */ = {isa = PBXBuildFile; fileRef = 2FC3328319953816008729C4 /* Images.xcassets */; };
		2FC3328B19953817008729C4 /* XCTest.framework in Frameworks */ = {isa = PBXBuildFile; fileRef = 2FC3328A19953817008729C4 /* XCTest.framework */; };
		2FC3328C19953817008729C4 /* Foundation.framework in Frameworks */ = {isa = PBXBuildFile; fileRef = 2FC3326B19953816008729C4 /* Foundation.framework */; };
		2FC3328D19953817008729C4 /* UIKit.framework in Frameworks */ = {isa = PBXBuildFile; fileRef = 2FC3326F19953816008729C4 /* UIKit.framework */; };
		2FC3329519953817008729C4 /* InfoPlist.strings in Resources */ = {isa = PBXBuildFile; fileRef = 2FC3329319953817008729C4 /* InfoPlist.strings */; };
		2FC3329719953817008729C4 /* Demo3Tests.m in Sources */ = {isa = PBXBuildFile; fileRef = 2FC3329619953817008729C4 /* Demo3Tests.m */; };
/* End PBXBuildFile section */

/* Begin PBXContainerItemProxy section */
		2FC3328E19953817008729C4 /* PBXContainerItemProxy */ = {
			isa = PBXContainerItemProxy;
			containerPortal = 2FC3326019953816008729C4 /* Project object */;
			proxyType = 1;
			remoteGlobalIDString = 2FC3326719953816008729C4;
			remoteInfo = Demo3;
		};
/* End PBXContainerItemProxy section */

/* Begin PBXFileReference section */
		2FC3326819953816008729C4 /* Demo3.app */ = {isa = PBXFileReference; explicitFileType = wrapper.application; includeInIndex = 0; path = Demo3.app; sourceTree = BUILT_PRODUCTS_DIR; };
		2FC3326B19953816008729C4 /* Foundation.framework */ = {isa = PBXFileReference; lastKnownFileType = wrapper.framework; name = Foundation.framework; path = System/Library/Frameworks/Foundation.framework; sourceTree = SDKROOT; };
		2FC3326D19953816008729C4 /* CoreGraphics.framework */ = {isa = PBXFileReference; lastKnownFileType = wrapper.framework; name = CoreGraphics.framework; path = System/Library/Frameworks/CoreGraphics.framework; sourceTree = SDKROOT; };
		2FC3326F19953816008729C4 /* UIKit.framework */ = {isa = PBXFileReference; lastKnownFileType = wrapper.framework; name = UIKit.framework; path = System/Library/Frameworks/UIKit.framework; sourceTree = SDKROOT; };
		2FC3327319953816008729C4 /* Demo3-Info.plist */ = {isa = PBXFileReference; lastKnownFileType = text.plist.xml; path = "Demo3-Info.plist"; sourceTree = "<group>"; };
		2FC3327519953816008729C4 /* en */ = {isa = PBXFileReference; lastKnownFileType = text.plist.strings; name = en; path = en.lproj/InfoPlist.strings; sourceTree = "<group>"; };
		2FC3327719953816008729C4 /* main.m */ = {isa = PBXFileReference; lastKnownFileType = sourcecode.c.objc; path = main.m; sourceTree = "<group>"; };
		2FC3327919953816008729C4 /* Demo3-Prefix.pch */ = {isa = PBXFileReference; lastKnownFileType = sourcecode.c.h; path = "Demo3-Prefix.pch"; sourceTree = "<group>"; };
		2FC3327A19953816008729C4 /* AppDelegate.h */ = {isa = PBXFileReference; lastKnownFileType = sourcecode.c.h; path = AppDelegate.h; sourceTree = "<group>"; };
		2FC3327B19953816008729C4 /* AppDelegate.m */ = {isa = PBXFileReference; lastKnownFileType = sourcecode.c.objc; path = AppDelegate.m; sourceTree = "<group>"; };
		2FC3327E19953816008729C4 /* Base */ = {isa = PBXFileReference; lastKnownFileType = file.storyboard; name = Base; path = Base.lproj/Main.storyboard; sourceTree = "<group>"; };
		2FC3328019953816008729C4 /* ViewController.h */ = {isa = PBXFileReference; lastKnownFileType = sourcecode.c.h; path = ViewController.h; sourceTree = "<group>"; };
		2FC3328119953816008729C4 /* ViewController.m */ = {isa = PBXFileReference; lastKnownFileType = sourcecode.c.objc; path = ViewController.m; sourceTree = "<group>"; };
		2FC3328319953816008729C4 /* Images.xcassets */ = {isa = PBXFileReference; lastKnownFileType = folder.assetcatalog; path = Images.xcassets; sourceTree = "<group>"; };
		2FC3328919953817008729C4 /* Demo3Tests.xctest */ = {isa = PBXFileReference; explicitFileType = wrapper.cfbundle; includeInIndex = 0; path = Demo3Tests.xctest; sourceTree = BUILT_PRODUCTS_DIR; };
		2FC3328A19953817008729C4 /* XCTest.framework */ = {isa = PBXFileReference; lastKnownFileType = wrapper.framework; name = XCTest.framework; path = Library/Frameworks/XCTest.framework; sourceTree = DEVELOPER_DIR; };
		2FC3329219953817008729C4 /* Demo3Tests-Info.plist */ = {isa = PBXFileReference; lastKnownFileType = text.plist.xml; path = "Demo3Tests-Info.plist"; sourceTree = "<group>"; };
		2FC3329419953817008729C4 /* en */ = {isa = PBXFileReference; lastKnownFileType = text.plist.strings; name = en; path = en.lproj/InfoPlist.strings; sourceTree = "<group>"; };
		2FC3329619953817008729C4 /* Demo3Tests.m */ = {isa = PBXFileReference; lastKnownFileType = sourcecode.c.objc; path = Demo3Tests.m; sourceTree = "<group>"; };
/* End PBXFileReference section */

/* Begin PBXFrameworksBuildPhase section */
		2FC3326519953816008729C4 /* Frameworks */ = {
			isa = PBXFrameworksBuildPhase;
			buildActionMask = 2147483647;
			files = (
				2FC3326E19953816008729C4 /* CoreGraphics.framework in Frameworks */,
				2FC3327019953816008729C4 /* UIKit.framework in Frameworks */,
				2FC3326C19953816008729C4 /* Foundation.framework in Frameworks */,
			);
			runOnlyForDeploymentPostprocessing = 0;
		};
		2FC3328619953817008729C4 /* Frameworks */ = {
			isa = PBXFrameworksBuildPhase;
			buildActionMask = 2147483647;
			files = (
				2FC3328B19953817008729C4 /* XCTest.framework in Frameworks */,
				2FC3328D19953817008729C4 /* UIKit.framework in Frameworks */,
				2FC3328C19953817008729C4 /* Foundation.framework in Frameworks */,
			);
			runOnlyForDeploymentPostprocessing = 0;
		};
/* End PBXFrameworksBuildPhase section */

/* Begin PBXGroup section */
		2FC3325F19953816008729C4 = {
			isa = PBXGroup;
			children = (
				2FC3327119953816008729C4 /* Demo3 */,
				2FC3329019953817008729C4 /* Demo3Tests */,
				2FC3326A19953816008729C4 /* Frameworks */,
				2FC3326919953816008729C4 /* Products */,
			);
			sourceTree = "<group>";
		};
		2FC3326919953816008729C4 /* Products */ = {
			isa = PBXGroup;
			children = (
				2FC3326819953816008729C4 /* Demo3.app */,
				2FC3328919953817008729C4 /* Demo3Tests.xctest */,
			);
			name = Products;
			sourceTree = "<group>";
		};
		2FC3326A19953816008729C4 /* Frameworks */ = {
			isa = PBXGroup;
			children = (
				2FC3326B19953816008729C4 /* Foundation.framework */,
				2FC3326D19953816008729C4 /* CoreGraphics.framework */,
				2FC3326F19953816008729C4 /* UIKit.framework */,
				2FC3328A19953817008729C4 /* XCTest.framework */,
			);
			name = Frameworks;
			sourceTree = "<group>";
		};
		2FC3327119953816008729C4 /* Demo3 */ = {
			isa = PBXGroup;
			children = (
				2FC3327A19953816008729C4 /* AppDelegate.h */,
				2FC3327B19953816008729C4 /* AppDelegate.m */,
				2FC3327D19953816008729C4 /* Main.storyboard */,
				2FC3328019953816008729C4 /* ViewController.h */,
				2FC3328119953816008729C4 /* ViewController.m */,
				2FC3328319953816008729C4 /* Images.xcassets */,
				2FC3327219953816008729C4 /* Supporting Files */,
			);
			path = Demo3;
			sourceTree = "<group>";
		};
		2FC3327219953816008729C4 /* Supporting Files */ = {
			isa = PBXGroup;
			children = (
				2FC3327319953816008729C4 /* Demo3-Info.plist */,
				2FC3327419953816008729C4 /* InfoPlist.strings */,
				2FC3327719953816008729C4 /* main.m */,
				2FC3327919953816008729C4 /* Demo3-Prefix.pch */,
			);
			name = "Supporting Files";
			sourceTree = "<group>";
		};
		2FC3329019953817008729C4 /* Demo3Tests */ = {
			isa = PBXGroup;
			children = (
				2FC3329619953817008729C4 /* Demo3Tests.m */,
				2FC3329119953817008729C4 /* Supporting Files */,
			);
			path = Demo3Tests;
			sourceTree = "<group>";
		};
		2FC3329119953817008729C4 /* Supporting Files */ = {
			isa = PBXGroup;
			children = (
				2FC3329219953817008729C4 /* Demo3Tests-Info.plist */,
				2FC3329319953817008729C4 /* InfoPlist.strings */,
			);
			name = "Supporting Files";
			sourceTree = "<group>";
		};
/* End PBXGroup section */

/* Begin PBXNativeTarget section */
		2FC3326719953816008729C4 /* Demo3 */ = {
			isa = PBXNativeTarget;
			buildConfigurationList = 2FC3329A19953817008729C4 /* Build configuration list for PBXNativeTarget "Demo3" */;
			buildPhases = (
				2FC3326419953816008729C4 /* Sources */,
				2FC3326519953816008729C4 /* Frameworks */,
				2FC3326619953816008729C4 /* Resources */,
			);
			buildRules = (
			);
			dependencies = (
			);
			name = Demo3;
			productName = Demo3;
			productReference = 2FC3326819953816008729C4 /* Demo3.app */;
			productType = "com.apple.product-type.application";
		};
		2FC3328819953817008729C4 /* Demo3Tests */ = {
			isa = PBXNativeTarget;
			buildConfigurationList = 2FC3329D19953817008729C4 /* Build configuration list for PBXNativeTarget "Demo3Tests" */;
			buildPhases = (
				2FC3328519953817008729C4 /* Sources */,
				2FC3328619953817008729C4 /* Frameworks */,
				2FC3328719953817008729C4 /* Resources */,
			);
			buildRules = (
			);
			dependencies = (
				2FC3328F19953817008729C4 /* PBXTargetDependency */,
			);
			name = Demo3Tests;
			productName = Demo3Tests;
			productReference = 2FC3328919953817008729C4 /* Demo3Tests.xctest */;
			productType = "com.apple.product-type.bundle.unit-test";
		};
/* End PBXNativeTarget section */

/* Begin PBXProject section */
		2FC3326019953816008729C4 /* Project object */ = {
			isa = PBXProject;
			attributes = {
				LastUpgradeCheck = 0510;
				ORGANIZATIONNAME = es.ujaen.es;
				TargetAttributes = {
					2FC3328819953817008729C4 = {
						TestTargetID = 2FC3326719953816008729C4;
					};
				};
			};
			buildConfigurationList = 2FC3326319953816008729C4 /* Build configuration list for PBXProject "Demo3" */;
			compatibilityVersion = "Xcode 3.2";
			developmentRegion = English;
			hasScannedForEncodings = 0;
			knownRegions = (
				en,
				Base,
			);
			mainGroup = 2FC3325F19953816008729C4;
			productRefGroup = 2FC3326919953816008729C4 /* Products */;
			projectDirPath = "";
			projectRoot = "";
			targets = (
				2FC3326719953816008729C4 /* Demo3 */,
				2FC3328819953817008729C4 /* Demo3Tests */,
			);
		};
/* End PBXProject section */

/* Begin PBXResourcesBuildPhase section */
		2FC3326619953816008729C4 /* Resources */ = {
			isa = PBXResourcesBuildPhase;
			buildActionMask = 2147483647;
			files = (
				2FC3328419953816008729C4 /* Images.xcassets in Resources */,
				2FC3327619953816008729C4 /* InfoPlist.strings in Resources */,
				2FC3327F19953816008729C4 /* Main.storyboard in Resources */,
			);
			runOnlyForDeploymentPostprocessing = 0;
		};
		2FC3328719953817008729C4 /* Resources */ = {
			isa = PBXResourcesBuildPhase;
			buildActionMask = 2147483647;
			files = (
				2FC3329519953817008729C4 /* InfoPlist.strings in Resources */,
			);
			runOnlyForDeploymentPostprocessing = 0;
		};
/* End PBXResourcesBuildPhase section */

/* Begin PBXSourcesBuildPhase section */
		2FC3326419953816008729C4 /* Sources */ = {
			isa = PBXSourcesBuildPhase;
			buildActionMask = 2147483647;
			files = (
				2FC3328219953816008729C4 /* ViewController.m in Sources */,
				2FC3327C19953816008729C4 /* AppDelegate.m in Sources */,
				2FC3327819953816008729C4 /* main.m in Sources */,
			);
			runOnlyForDeploymentPostprocessing = 0;
		};
		2FC3328519953817008729C4 /* Sources */ = {
			isa = PBXSourcesBuildPhase;
			buildActionMask = 2147483647;
			files = (
				2FC3329719953817008729C4 /* Demo3Tests.m in Sources */,
			);
			runOnlyForDeploymentPostprocessing = 0;
		};
/* End PBXSourcesBuildPhase section */

/* Begin PBXTargetDependency section */
		2FC3328F19953817008729C4 /* PBXTargetDependency */ = {
			isa = PBXTargetDependency;
			target = 2FC3326719953816008729C4 /* Demo3 */;
			targetProxy = 2FC3328E19953817008729C4 /* PBXContainerItemProxy */;
		};
/* End PBXTargetDependency section */

/* Begin PBXVariantGroup section */
		2FC3327419953816008729C4 /* InfoPlist.strings */ = {
			isa = PBXVariantGroup;
			children = (
				2FC3327519953816008729C4 /* en */,
			);
			name = InfoPlist.strings;
			sourceTree = "<group>";
		};
		2FC3327D19953816008729C4 /* Main.storyboard */ = {
			isa = PBXVariantGroup;
			children = (
				2FC3327E19953816008729C4 /* Base */,
			);
			name = Main.storyboard;
			sourceTree = "<group>";
		};
		2FC3329319953817008729C4 /* InfoPlist.strings */ = {
			isa = PBXVariantGroup;
			children = (
				2FC3329419953817008729C4 /* en */,
			);
			name = InfoPlist.strings;
			sourceTree = "<group>";
		};
/* End PBXVariantGroup section */

/* Begin XCBuildConfiguration section */
		2FC3329819953817008729C4 /* Debug */ = {
			isa = XCBuildConfiguration;
			buildSettings = {
				ALWAYS_SEARCH_USER_PATHS = NO;
				CLANG_CXX_LANGUAGE_STANDARD = "gnu++0x";
				CLANG_CXX_LIBRARY = "libc++";
				CLANG_ENABLE_MODULES = YES;
				CLANG_ENABLE_OBJC_ARC = YES;
				CLANG_WARN_BOOL_CONVERSION = YES;
				CLANG_WARN_CONSTANT_CONVERSION = YES;
				CLANG_WARN_DIRECT_OBJC_ISA_USAGE = YES_ERROR;
				CLANG_WARN_EMPTY_BODY = YES;
				CLANG_WARN_ENUM_CONVERSION = YES;
				CLANG_WARN_INT_CONVERSION = YES;
				CLANG_WARN_OBJC_ROOT_CLASS = YES_ERROR;
				CLANG_WARN__DUPLICATE_METHOD_MATCH = YES;
				"CODE_SIGN_IDENTITY[sdk=iphoneos*]" = "iPhone Developer";
				COPY_PHASE_STRIP = NO;
				GCC_C_LANGUAGE_STANDARD = gnu99;
				GCC_DYNAMIC_NO_PIC = NO;
				GCC_OPTIMIZATION_LEVEL = 0;
				GCC_PREPROCESSOR_DEFINITIONS = (
					"DEBUG=1",
					"$(inherited)",
				);
				GCC_SYMBOLS_PRIVATE_EXTERN = NO;
				GCC_WARN_64_TO_32_BIT_CONVERSION = YES;
				GCC_WARN_ABOUT_RETURN_TYPE = YES_ERROR;
				GCC_WARN_UNDECLARED_SELECTOR = YES;
				GCC_WARN_UNINITIALIZED_AUTOS = YES_AGGRESSIVE;
				GCC_WARN_UNUSED_FUNCTION = YES;
				GCC_WARN_UNUSED_VARIABLE = YES;
				IPHONEOS_DEPLOYMENT_TARGET = 7.1;
				ONLY_ACTIVE_ARCH = YES;
				SDKROOT = iphoneos;
			};
			name = Debug;
		};
		2FC3329919953817008729C4 /* Release */ = {
			isa = XCBuildConfiguration;
			buildSettings = {
				ALWAYS_SEARCH_USER_PATHS = NO;
				CLANG_CXX_LANGUAGE_STANDARD = "gnu++0x";
				CLANG_CXX_LIBRARY = "libc++";
				CLANG_ENABLE_MODULES = YES;
				CLANG_ENABLE_OBJC_ARC = YES;
				CLANG_WARN_BOOL_CONVERSION = YES;
				CLANG_WARN_CONSTANT_CONVERSION = YES;
				CLANG_WARN_DIRECT_OBJC_ISA_USAGE = YES_ERROR;
				CLANG_WARN_EMPTY_BODY = YES;
				CLANG_WARN_ENUM_CONVERSION = YES;
				CLANG_WARN_INT_CONVERSION = YES;
				CLANG_WARN_OBJC_ROOT_CLASS = YES_ERROR;
				CLANG_WARN__DUPLICATE_METHOD_MATCH = YES;
				"CODE_SIGN_IDENTITY[sdk=iphoneos*]" = "iPhone Developer";
				COPY_PHASE_STRIP = YES;
				ENABLE_NS_ASSERTIONS = NO;
				GCC_C_LANGUAGE_STANDARD = gnu99;
				GCC_WARN_64_TO_32_BIT_CONVERSION = YES;
				GCC_WARN_ABOUT_RETURN_TYPE = YES_ERROR;
				GCC_WARN_UNDECLARED_SELECTOR = YES;
				GCC_WARN_UNINITIALIZED_AUTOS = YES_AGGRESSIVE;
				GCC_WARN_UNUSED_FUNCTION = YES;
				GCC_WARN_UNUSED_VARIABLE = YES;
				IPHONEOS_DEPLOYMENT_TARGET = 7.1;
				SDKROOT = iphoneos;
				VALIDATE_PRODUCT = YES;
			};
			name = Release;
		};
		2FC3329B19953817008729C4 /* Debug */ = {
			isa = XCBuildConfiguration;
			buildSettings = {
				ASSETCATALOG_COMPILER_APPICON_NAME = AppIcon;
				ASSETCATALOG_COMPILER_LAUNCHIMAGE_NAME = LaunchImage;
				GCC_PRECOMPILE_PREFIX_HEADER = YES;
				GCC_PREFIX_HEADER = "Demo3/Demo3-Prefix.pch";
				INFOPLIST_FILE = "Demo3/Demo3-Info.plist";
				PRODUCT_NAME = "$(TARGET_NAME)";
				WRAPPER_EXTENSION = app;
			};
			name = Debug;
		};
		2FC3329C19953817008729C4 /* Release */ = {
			isa = XCBuildConfiguration;
			buildSettings = {
				ASSETCATALOG_COMPILER_APPICON_NAME = AppIcon;
				ASSETCATALOG_COMPILER_LAUNCHIMAGE_NAME = LaunchImage;
				GCC_PRECOMPILE_PREFIX_HEADER = YES;
				GCC_PREFIX_HEADER = "Demo3/Demo3-Prefix.pch";
				INFOPLIST_FILE = "Demo3/Demo3-Info.plist";
				PRODUCT_NAME = "$(TARGET_NAME)";
				WRAPPER_EXTENSION = app;
			};
			name = Release;
		};
		2FC3329E19953817008729C4 /* Debug */ = {
			isa = XCBuildConfiguration;
			buildSettings = {
				BUNDLE_LOADER = "$(BUILT_PRODUCTS_DIR)/Demo3.app/Demo3";
				FRAMEWORK_SEARCH_PATHS = (
					"$(SDKROOT)/Developer/Library/Frameworks",
					"$(inherited)",
					"$(DEVELOPER_FRAMEWORKS_DIR)",
				);
				GCC_PRECOMPILE_PREFIX_HEADER = YES;
				GCC_PREFIX_HEADER = "Demo3/Demo3-Prefix.pch";
				GCC_PREPROCESSOR_DEFINITIONS = (
					"DEBUG=1",
					"$(inherited)",
				);
				INFOPLIST_FILE = "Demo3Tests/Demo3Tests-Info.plist";
				PRODUCT_NAME = "$(TARGET_NAME)";
				TEST_HOST = "$(BUNDLE_LOADER)";
				WRAPPER_EXTENSION = xctest;
			};
			name = Debug;
		};
		2FC3329F19953817008729C4 /* Release */ = {
			isa = XCBuildConfiguration;
			buildSettings = {
				BUNDLE_LOADER = "$(BUILT_PRODUCTS_DIR)/Demo3.app/Demo3";
				FRAMEWORK_SEARCH_PATHS = (
					"$(SDKROOT)/Developer/Library/Frameworks",
					"$(inherited)",
					"$(DEVELOPER_FRAMEWORKS_DIR)",
				);
				GCC_PRECOMPILE_PREFIX_HEADER = YES;
				GCC_PREFIX_HEADER = "Demo3/Demo3-Prefix.pch";
				INFOPLIST_FILE = "Demo3Tests/Demo3Tests-Info.plist";
				PRODUCT_NAME = "$(TARGET_NAME)";
				TEST_HOST = "$(BUNDLE_LOADER)";
				WRAPPER_EXTENSION = xctest;
			};
			name = Release;
		};
/* End XCBuildConfiguration section */

/* Begin XCConfigurationList section */
		2FC3326319953816008729C4 /* Build configuration list for PBXProject "Demo3" */ = {
			isa = XCConfigurationList;
			buildConfigurations = (
				2FC3329819953817008729C4 /* Debug */,
				2FC3329919953817008729C4 /* Release */,
			);
			defaultConfigurationIsVisible = 0;
			defaultConfigurationName = Release;
		};
		2FC3329A19953817008729C4 /* Build configuration list for PBXNativeTarget "Demo3" */ = {
			isa = XCConfigurationList;
			buildConfigurations = (
				2FC3329B19953817008729C4 /* Debug */,
				2FC3329C19953817008729C4 /* Release */,
			);
			defaultConfigurationIsVisible = 0;
		};
		2FC3329D19953817008729C4 /* Build configuration list for PBXNativeTarget "Demo3Tests" */ = {
			isa = XCConfigurationList;
			buildConfigurations = (
				2FC3329E19953817008729C4 /* Debug */,
				2FC3329F19953817008729C4 /* Release */,
			);
			defaultConfigurationIsVisible = 0;
		};
/* End XCConfigurationList section */
	};
	rootObject = 2FC3326019953816008729C4 /* Project object */;
}
